
Microsoft Visual Studio Solution File, Format Version 12.00
# Visual Studio 15
VisualStudioVersion = 15.0.28307.757
MinimumVisualStudioVersion = 10.0.40219.1
Project("{888888A0-9F3D-457C-B088-3A5042F75D52}") = "ImageClassification", "ImageClassification.pyproj", "{8ED90CE7-1CAD-407E-BED7-C344F52A96C6}"
EndProject
Global
	GlobalSection(SolutionConfigurationPlatforms) = preSolution
		Debug|Any CPU = Debug|Any CPU
		Release|Any CPU = Release|Any CPU
	EndGlobalSection
	GlobalSection(ProjectConfigurationPlatforms) = postSolution
		{8ED90CE7-1CAD-407E-BED7-C344F52A96C6}.Debug|Any CPU.ActiveCfg = Debug|Any CPU
		{8ED90CE7-1CAD-407E-BED7-C344F52A96C6}.Release|Any CPU.ActiveCfg = Release|Any CPU
	EndGlobalSection
	GlobalSection(SolutionProperties) = preSolution
		HideSolutionNode = FALSE
	EndGlobalSection
	GlobalSection(ExtensibilityGlobals) = postSolution
		SolutionGuid = {ABD59D15-9AFA-4455-8DA6-1380AA239164}
	EndGlobalSection
EndGlobal
